// !$*UTF8*$!
{
	archiveVersion = 1;
	classes = {
	};
	objectVersion = 77;
	objects = {

/* Begin PBXContainerItemProxy section */
		F269C10D2DB21E5800ED25BA /* PBXContainerItemProxy */ = {
			isa = PBXContainerItemProxy;
			containerPortal = F269C0F42DB21E5700ED25BA /* Project object */;
			proxyType = 1;
			remoteGlobalIDString = F269C0FB2DB21E5700ED25BA;
			remoteInfo = DemoSonarCloud;
		};
		F269C1172DB21E5800ED25BA /* PBXContainerItemProxy */ = {
			isa = PBXContainerItemProxy;
			containerPortal = F269C0F42DB21E5700ED25BA /* Project object */;
			proxyType = 1;
			remoteGlobalIDString = F269C0FB2DB21E5700ED25BA;
			remoteInfo = DemoSonarCloud;
		};
/* End PBXContainerItemProxy section */

/* Begin PBXFileReference section */
		F269C0FC2DB21E5700ED25BA /* DemoSonarCloud.app */ = {isa = PBXFileReference; explicitFileType = wrapper.application; includeInIndex = 0; path = DemoSonarCloud.app; sourceTree = BUILT_PRODUCTS_DIR; };
		F269C10C2DB21E5800ED25BA /* DemoSonarCloudTests.xctest */ = {isa = PBXFileReference; explicitFileType = wrapper.cfbundle; includeInIndex = 0; path = DemoSonarCloudTests.xctest; sourceTree = BUILT_PRODUCTS_DIR; };
		F269C1162DB21E5800ED25BA /* DemoSonarCloudUITests.xctest */ = {isa = PBXFileReference; explicitFileType = wrapper.cfbundle; includeInIndex = 0; path = DemoSonarCloudUITests.xctest; sourceTree = BUILT_PRODUCTS_DIR; };
/* End PBXFileReference section */

/* Begin PBXFileSystemSynchronizedRootGroup section */
		F269C0FE2DB21E5700ED25BA /* DemoSonarCloud */ = {
			isa = PBXFileSystemSynchronizedRootGroup;
			path = DemoSonarCloud;
			sourceTree = "<group>";
		};
		F269C10F2DB21E5800ED25BA /* DemoSonarCloudTests */ = {
			isa = PBXFileSystemSynchronizedRootGroup;
			path = DemoSonarCloudTests;
			sourceTree = "<group>";
		};
		F269C1192DB21E5800ED25BA /* DemoSonarCloudUITests */ = {
			isa = PBXFileSystemSynchronizedRootGroup;
			path = DemoSonarCloudUITests;
			sourceTree = "<group>";
		};
/* End PBXFileSystemSynchronizedRootGroup section */

/* Begin PBXFrameworksBuildPhase section */
		F269C0F92DB21E5700ED25BA /* Frameworks */ = {
			isa = PBXFrameworksBuildPhase;
			buildActionMask = 2147483647;
			files = (
			);
			runOnlyForDeploymentPostprocessing = 0;
		};
		F269C1092DB21E5800ED25BA /* Frameworks */ = {
			isa = PBXFrameworksBuildPhase;
			buildActionMask = 2147483647;
			files = (
			);
			runOnlyForDeploymentPostprocessing = 0;
		};
		F269C1132DB21E5800ED25BA /* Frameworks */ = {
			isa = PBXFrameworksBuildPhase;
			buildActionMask = 2147483647;
			files = (
			);
			runOnlyForDeploymentPostprocessing = 0;
		};
/* End PBXFrameworksBuildPhase section */

/* Begin PBXGroup section */
		F269C0F32DB21E5700ED25BA = {
			isa = PBXGroup;
			children = (
				F269C0FE2DB21E5700ED25BA /* DemoSonarCloud */,
				F269C10F2DB21E5800ED25BA /* DemoSonarCloudTests */,
				F269C1192DB21E5800ED25BA /* DemoSonarCloudUITests */,
				F269C0FD2DB21E5700ED25BA /* Products */,
			);
			sourceTree = "<group>";
		};
		F269C0FD2DB21E5700ED25BA /* Products */ = {
			isa = PBXGroup;
			children = (
				F269C0FC2DB21E5700ED25BA /* DemoSonarCloud.app */,
				F269C10C2DB21E5800ED25BA /* DemoSonarCloudTests.xctest */,
				F269C1162DB21E5800ED25BA /* DemoSonarCloudUITests.xctest */,
			);
			name = Products;
			sourceTree = "<group>";
		};
/* End PBXGroup section */

/* Begin PBXNativeTarget section */
		F269C0FB2DB21E5700ED25BA /* DemoSonarCloud */ = {
			isa = PBXNativeTarget;
			buildConfigurationList = F269C1202DB21E5800ED25BA /* Build configuration list for PBXNativeTarget "DemoSonarCloud" */;
			buildPhases = (
				F269C0F82DB21E5700ED25BA /* Sources */,
				F269C0F92DB21E5700ED25BA /* Frameworks */,
				F269C0FA2DB21E5700ED25BA /* Resources */,
			);
			buildRules = (
			);
			dependencies = (
			);
			fileSystemSynchronizedGroups = (
				F269C0FE2DB21E5700ED25BA /* DemoSonarCloud */,
			);
			name = DemoSonarCloud;
			packageProductDependencies = (
			);
			productName = DemoSonarCloud;
			productReference = F269C0FC2DB21E5700ED25BA /* DemoSonarCloud.app */;
			productType = "com.apple.product-type.application";
		};
		F269C10B2DB21E5800ED25BA /* DemoSonarCloudTests */ = {
			isa = PBXNativeTarget;
			buildConfigurationList = F269C1232DB21E5800ED25BA /* Build configuration list for PBXNativeTarget "DemoSonarCloudTests" */;
			buildPhases = (
				F269C1082DB21E5800ED25BA /* Sources */,
				F269C1092DB21E5800ED25BA /* Frameworks */,
				F269C10A2DB21E5800ED25BA /* Resources */,
			);
			buildRules = (
			);
			dependencies = (
				F269C10E2DB21E5800ED25BA /* PBXTargetDependency */,
			);
			fileSystemSynchronizedGroups = (
				F269C10F2DB21E5800ED25BA /* DemoSonarCloudTests */,
			);
			name = DemoSonarCloudTests;
			packageProductDependencies = (
			);
			productName = DemoSonarCloudTests;
			productReference = F269C10C2DB21E5800ED25BA /* DemoSonarCloudTests.xctest */;
			productType = "com.apple.product-type.bundle.unit-test";
		};
		F269C1152DB21E5800ED25BA /* DemoSonarCloudUITests */ = {
			isa = PBXNativeTarget;
			buildConfigurationList = F269C1262DB21E5800ED25BA /* Build configuration list for PBXNativeTarget "DemoSonarCloudUITests" */;
			buildPhases = (
				F269C1122DB21E5800ED25BA /* Sources */,
				F269C1132DB21E5800ED25BA /* Frameworks */,
				F269C1142DB21E5800ED25BA /* Resources */,
			);
			buildRules = (
			);
			dependencies = (
				F269C1182DB21E5800ED25BA /* PBXTargetDependency */,
			);
			fileSystemSynchronizedGroups = (
				F269C1192DB21E5800ED25BA /* DemoSonarCloudUITests */,
			);
			name = DemoSonarCloudUITests;
			packageProductDependencies = (
			);
			productName = DemoSonarCloudUITests;
			productReference = F269C1162DB21E5800ED25BA /* DemoSonarCloudUITests.xctest */;
			productType = "com.apple.product-type.bundle.ui-testing";
		};
/* End PBXNativeTarget section */

/* Begin PBXProject section */
		F269C0F42DB21E5700ED25BA /* Project object */ = {
			isa = PBXProject;
			attributes = {
				BuildIndependentTargetsInParallel = 1;
				LastSwiftUpdateCheck = 1620;
				LastUpgradeCheck = 1620;
				TargetAttributes = {
					F269C0FB2DB21E5700ED25BA = {
						CreatedOnToolsVersion = 16.2;
					};
					F269C10B2DB21E5800ED25BA = {
						CreatedOnToolsVersion = 16.2;
						TestTargetID = F269C0FB2DB21E5700ED25BA;
					};
					F269C1152DB21E5800ED25BA = {
						CreatedOnToolsVersion = 16.2;
						TestTargetID = F269C0FB2DB21E5700ED25BA;
					};
				};
			};
			buildConfigurationList = F269C0F72DB21E5700ED25BA /* Build configuration list for PBXProject "DemoSonarCloud" */;
			developmentRegion = en;
			hasScannedForEncodings = 0;
			knownRegions = (
				en,
				Base,
			);
			mainGroup = F269C0F32DB21E5700ED25BA;
			minimizedProjectReferenceProxies = 1;
			preferredProjectObjectVersion = 77;
			productRefGroup = F269C0FD2DB21E5700ED25BA /* Products */;
			projectDirPath = "";
			projectRoot = "";
			targets = (
				F269C0FB2DB21E5700ED25BA /* DemoSonarCloud */,
				F269C10B2DB21E5800ED25BA /* DemoSonarCloudTests */,
				F269C1152DB21E5800ED25BA /* DemoSonarCloudUITests */,
			);
		};
/* End PBXProject section */

/* Begin PBXResourcesBuildPhase section */
		F269C0FA2DB21E5700ED25BA /* Resources */ = {
			isa = PBXResourcesBuildPhase;
			buildActionMask = 2147483647;
			files = (
			);
			runOnlyForDeploymentPostprocessing = 0;
		};
		F269C10A2DB21E5800ED25BA /* Resources */ = {
			isa = PBXResourcesBuildPhase;
			buildActionMask = 2147483647;
			files = (
			);
			runOnlyForDeploymentPostprocessing = 0;
		};
		F269C1142DB21E5800ED25BA /* Resources */ = {
			isa = PBXResourcesBuildPhase;
			buildActionMask = 2147483647;
			files = (
			);
			runOnlyForDeploymentPostprocessing = 0;
		};
/* End PBXResourcesBuildPhase section */

/* Begin PBXSourcesBuildPhase section */
		F269C0F82DB21E5700ED25BA /* Sources */ = {
			isa = PBXSourcesBuildPhase;
			buildActionMask = 2147483647;
			files = (
			);
			runOnlyForDeploymentPostprocessing = 0;
		};
		F269C1082DB21E5800ED25BA /* Sources */ = {
			isa = PBXSourcesBuildPhase;
			buildActionMask = 2147483647;
			files = (
			);
			runOnlyForDeploymentPostprocessing = 0;
		};
		F269C1122DB21E5800ED25BA /* Sources */ = {
			isa = PBXSourcesBuildPhase;
			buildActionMask = 2147483647;
			files = (
			);
			runOnlyForDeploymentPostprocessing = 0;
		};
/* End PBXSourcesBuildPhase section */

/* Begin PBXTargetDependency section */
		F269C10E2DB21E5800ED25BA /* PBXTargetDependency */ = {
			isa = PBXTargetDependency;
			target = F269C0FB2DB21E5700ED25BA /* DemoSonarCloud */;
			targetProxy = F269C10D2DB21E5800ED25BA /* PBXContainerItemProxy */;
		};
		F269C1182DB21E5800ED25BA /* PBXTargetDependency */ = {
			isa = PBXTargetDependency;
			target = F269C0FB2DB21E5700ED25BA /* DemoSonarCloud */;
			targetProxy = F269C1172DB21E5800ED25BA /* PBXContainerItemProxy */;
		};
/* End PBXTargetDependency section */

/* Begin XCBuildConfiguration section */
		F269C11E2DB21E5800ED25BA /* Debug */ = {
			isa = XCBuildConfiguration;
			buildSettings = {
				ALWAYS_SEARCH_USER_PATHS = NO;
				ASSETCATALOG_COMPILER_GENERATE_SWIFT_ASSET_SYMBOL_EXTENSIONS = YES;
				CLANG_ANALYZER_NONNULL = YES;
				CLANG_ANALYZER_NUMBER_OBJECT_CONVERSION = YES_AGGRESSIVE;
				CLANG_CXX_LANGUAGE_STANDARD = "gnu++20";
				CLANG_ENABLE_MODULES = YES;
				CLANG_ENABLE_OBJC_ARC = YES;
				CLANG_ENABLE_OBJC_WEAK = YES;
				CLANG_WARN_BLOCK_CAPTURE_AUTORELEASING = YES;
				CLANG_WARN_BOOL_CONVERSION = YES;
				CLANG_WARN_COMMA = YES;
				CLANG_WARN_CONSTANT_CONVERSION = YES;
				CLANG_WARN_DEPRECATED_OBJC_IMPLEMENTATIONS = YES;
				CLANG_WARN_DIRECT_OBJC_ISA_USAGE = YES_ERROR;
				CLANG_WARN_DOCUMENTATION_COMMENTS = YES;
				CLANG_WARN_EMPTY_BODY = YES;
				CLANG_WARN_ENUM_CONVERSION = YES;
				CLANG_WARN_INFINITE_RECURSION = YES;
				CLANG_WARN_INT_CONVERSION = YES;
				CLANG_WARN_NON_LITERAL_NULL_CONVERSION = YES;
				CLANG_WARN_OBJC_IMPLICIT_RETAIN_SELF = YES;
				CLANG_WARN_OBJC_LITERAL_CONVERSION = YES;
				CLANG_WARN_OBJC_ROOT_CLASS = YES_ERROR;
				CLANG_WARN_QUOTED_INCLUDE_IN_FRAMEWORK_HEADER = YES;
				CLANG_WARN_RANGE_LOOP_ANALYSIS = YES;
				CLANG_WARN_STRICT_PROTOTYPES = YES;
				CLANG_WARN_SUSPICIOUS_MOVE = YES;
				CLANG_WARN_UNGUARDED_AVAILABILITY = YES_AGGRESSIVE;
				CLANG_WARN_UNREACHABLE_CODE = YES;
				CLANG_WARN__DUPLICATE_METHOD_MATCH = YES;
				COPY_PHASE_STRIP = NO;
				DEBUG_INFORMATION_FORMAT = dwarf;
				ENABLE_STRICT_OBJC_MSGSEND = YES;
				ENABLE_TESTABILITY = YES;
				ENABLE_USER_SCRIPT_SANDBOXING = YES;
				GCC_C_LANGUAGE_STANDARD = gnu17;
				GCC_DYNAMIC_NO_PIC = NO;
				GCC_NO_COMMON_BLOCKS = YES;
				GCC_OPTIMIZATION_LEVEL = 0;
				GCC_PREPROCESSOR_DEFINITIONS = (
					"DEBUG=1",
					"$(inherited)",
				);
				GCC_WARN_64_TO_32_BIT_CONVERSION = YES;
				GCC_WARN_ABOUT_RETURN_TYPE = YES_ERROR;
				GCC_WARN_UNDECLARED_SELECTOR = YES;
				GCC_WARN_UNINITIALIZED_AUTOS = YES_AGGRESSIVE;
				GCC_WARN_UNUSED_FUNCTION = YES;
				GCC_WARN_UNUSED_VARIABLE = YES;
				IPHONEOS_DEPLOYMENT_TARGET = 18.2;
				LOCALIZATION_PREFERS_STRING_CATALOGS = YES;
				MTL_ENABLE_DEBUG_INFO = INCLUDE_SOURCE;
				MTL_FAST_MATH = YES;
				ONLY_ACTIVE_ARCH = YES;
				SDKROOT = iphoneos;
				SWIFT_ACTIVE_COMPILATION_CONDITIONS = "DEBUG $(inherited)";
				SWIFT_OPTIMIZATION_LEVEL = "-Onone";
			};
			name = Debug;
		};
		F269C11F2DB21E5800ED25BA /* Release */ = {
			isa = XCBuildConfiguration;
			buildSettings = {
				ALWAYS_SEARCH_USER_PATHS = NO;
				ASSETCATALOG_COMPILER_GENERATE_SWIFT_ASSET_SYMBOL_EXTENSIONS = YES;
				CLANG_ANALYZER_NONNULL = YES;
				CLANG_ANALYZER_NUMBER_OBJECT_CONVERSION = YES_AGGRESSIVE;
				CLANG_CXX_LANGUAGE_STANDARD = "gnu++20";
				CLANG_ENABLE_MODULES = YES;
				CLANG_ENABLE_OBJC_ARC = YES;
				CLANG_ENABLE_OBJC_WEAK = YES;
				CLANG_WARN_BLOCK_CAPTURE_AUTORELEASING = YES;
				CLANG_WARN_BOOL_CONVERSION = YES;
				CLANG_WARN_COMMA = YES;
				CLANG_WARN_CONSTANT_CONVERSION = YES;
				CLANG_WARN_DEPRECATED_OBJC_IMPLEMENTATIONS = YES;
				CLANG_WARN_DIRECT_OBJC_ISA_USAGE = YES_ERROR;
				CLANG_WARN_DOCUMENTATION_COMMENTS = YES;
				CLANG_WARN_EMPTY_BODY = YES;
				CLANG_WARN_ENUM_CONVERSION = YES;
				CLANG_WARN_INFINITE_RECURSION = YES;
				CLANG_WARN_INT_CONVERSION = YES;
				CLANG_WARN_NON_LITERAL_NULL_CONVERSION = YES;
				CLANG_WARN_OBJC_IMPLICIT_RETAIN_SELF = YES;
				CLANG_WARN_OBJC_LITERAL_CONVERSION = YES;
				CLANG_WARN_OBJC_ROOT_CLASS = YES_ERROR;
				CLANG_WARN_QUOTED_INCLUDE_IN_FRAMEWORK_HEADER = YES;
				CLANG_WARN_RANGE_LOOP_ANALYSIS = YES;
				CLANG_WARN_STRICT_PROTOTYPES = YES;
				CLANG_WARN_SUSPICIOUS_MOVE = YES;
				CLANG_WARN_UNGUARDED_AVAILABILITY = YES_AGGRESSIVE;
				CLANG_WARN_UNREACHABLE_CODE = YES;
				CLANG_WARN__DUPLICATE_METHOD_MATCH = YES;
				COPY_PHASE_STRIP = NO;
				DEBUG_INFORMATION_FORMAT = "dwarf-with-dsym";
				ENABLE_NS_ASSERTIONS = NO;
				ENABLE_STRICT_OBJC_MSGSEND = YES;
				ENABLE_USER_SCRIPT_SANDBOXING = YES;
				GCC_C_LANGUAGE_STANDARD = gnu17;
				GCC_NO_COMMON_BLOCKS = YES;
				GCC_WARN_64_TO_32_BIT_CONVERSION = YES;
				GCC_WARN_ABOUT_RETURN_TYPE = YES_ERROR;
				GCC_WARN_UNDECLARED_SELECTOR = YES;
				GCC_WARN_UNINITIALIZED_AUTOS = YES_AGGRESSIVE;
				GCC_WARN_UNUSED_FUNCTION = YES;
				GCC_WARN_UNUSED_VARIABLE = YES;
				IPHONEOS_DEPLOYMENT_TARGET = 18.2;
				LOCALIZATION_PREFERS_STRING_CATALOGS = YES;
				MTL_ENABLE_DEBUG_INFO = NO;
				MTL_FAST_MATH = YES;
				SDKROOT = iphoneos;
				SWIFT_COMPILATION_MODE = wholemodule;
				VALIDATE_PRODUCT = YES;
			};
			name = Release;
		};
		F269C1212DB21E5800ED25BA /* Debug */ = {
			isa = XCBuildConfiguration;
			buildSettings = {
				ASSETCATALOG_COMPILER_APPICON_NAME = AppIcon;
				ASSETCATALOG_COMPILER_GLOBAL_ACCENT_COLOR_NAME = AccentColor;
				CODE_SIGN_STYLE = Automatic;
				CURRENT_PROJECT_VERSION = 1;
				DEVELOPMENT_ASSET_PATHS = "\"DemoSonarCloud/Preview Content\"";
				DEVELOPMENT_TEAM = XY8FSD2973;
				ENABLE_PREVIEWS = YES;
				GENERATE_INFOPLIST_FILE = YES;
				INFOPLIST_KEY_UIApplicationSceneManifest_Generation = YES;
				INFOPLIST_KEY_UIApplicationSupportsIndirectInputEvents = YES;
				INFOPLIST_KEY_UILaunchScreen_Generation = YES;
				INFOPLIST_KEY_UISupportedInterfaceOrientations_iPad = "UIInterfaceOrientationPortrait UIInterfaceOrientationPortraitUpsideDown UIInterfaceOrientationLandscapeLeft UIInterfaceOrientationLandscapeRight";
				INFOPLIST_KEY_UISupportedInterfaceOrientations_iPhone = "UIInterfaceOrientationPortrait UIInterfaceOrientationLandscapeLeft UIInterfaceOrientationLandscapeRight";
				LD_RUNPATH_SEARCH_PATHS = (
					"$(inherited)",
					"@executable_path/Frameworks",
				);
				MARKETING_VERSION = 1.0;
				PRODUCT_BUNDLE_IDENTIFIER = com.livepayments.DemoSonarCloud;
				PRODUCT_NAME = "$(TARGET_NAME)";
				SWIFT_EMIT_LOC_STRINGS = YES;
				SWIFT_VERSION = 5.0;
				TARGETED_DEVICE_FAMILY = "1,2";
			};
			name = Debug;
		};
		F269C1222DB21E5800ED25BA /* Release */ = {
			isa = XCBuildConfiguration;
			buildSettings = {
				ASSETCATALOG_COMPILER_APPICON_NAME = AppIcon;
				ASSETCATALOG_COMPILER_GLOBAL_ACCENT_COLOR_NAME = AccentColor;
				CODE_SIGN_STYLE = Automatic;
				CURRENT_PROJECT_VERSION = 1;
				DEVELOPMENT_ASSET_PATHS = "\"DemoSonarCloud/Preview Content\"";
				DEVELOPMENT_TEAM = XY8FSD2973;
				ENABLE_PREVIEWS = YES;
				GENERATE_INFOPLIST_FILE = YES;
				INFOPLIST_KEY_UIApplicationSceneManifest_Generation = YES;
				INFOPLIST_KEY_UIApplicationSupportsIndirectInputEvents = YES;
				INFOPLIST_KEY_UILaunchScreen_Generation = YES;
				INFOPLIST_KEY_UISupportedInterfaceOrientations_iPad = "UIInterfaceOrientationPortrait UIInterfaceOrientationPortraitUpsideDown UIInterfaceOrientationLandscapeLeft UIInterfaceOrientationLandscapeRight";
				INFOPLIST_KEY_UISupportedInterfaceOrientations_iPhone = "UIInterfaceOrientationPortrait UIInterfaceOrientationLandscapeLeft UIInterfaceOrientationLandscapeRight";
				LD_RUNPATH_SEARCH_PATHS = (
					"$(inherited)",
					"@executable_path/Frameworks",
				);
				MARKETING_VERSION = 1.0;
				PRODUCT_BUNDLE_IDENTIFIER = com.livepayments.DemoSonarCloud;
				PRODUCT_NAME = "$(TARGET_NAME)";
				SWIFT_EMIT_LOC_STRINGS = YES;
				SWIFT_VERSION = 5.0;
				TARGETED_DEVICE_FAMILY = "1,2";
			};
			name = Release;
		};
		F269C1242DB21E5800ED25BA /* Debug */ = {
			isa = XCBuildConfiguration;
			buildSettings = {
				BUNDLE_LOADER = "$(TEST_HOST)";
				CODE_SIGN_STYLE = Automatic;
				CURRENT_PROJECT_VERSION = 1;
				DEVELOPMENT_TEAM = XY8FSD2973;
				GENERATE_INFOPLIST_FILE = YES;
				IPHONEOS_DEPLOYMENT_TARGET = 18.2;
				MARKETING_VERSION = 1.0;
				PRODUCT_BUNDLE_IDENTIFIER = com.livepayments.DemoSonarCloudTests;
				PRODUCT_NAME = "$(TARGET_NAME)";
				SWIFT_EMIT_LOC_STRINGS = NO;
				SWIFT_VERSION = 5.0;
				TARGETED_DEVICE_FAMILY = "1,2";
				TEST_HOST = "$(BUILT_PRODUCTS_DIR)/DemoSonarCloud.app/$(BUNDLE_EXECUTABLE_FOLDER_PATH)/DemoSonarCloud";
			};
			name = Debug;
		};
		F269C1252DB21E5800ED25BA /* Release */ = {
			isa = XCBuildConfiguration;
			buildSettings = {
				BUNDLE_LOADER = "$(TEST_HOST)";
				CODE_SIGN_STYLE = Automatic;
				CURRENT_PROJECT_VERSION = 1;
				DEVELOPMENT_TEAM = XY8FSD2973;
				GENERATE_INFOPLIST_FILE = YES;
				IPHONEOS_DEPLOYMENT_TARGET = 18.2;
				MARKETING_VERSION = 1.0;
				PRODUCT_BUNDLE_IDENTIFIER = com.livepayments.DemoSonarCloudTests;
				PRODUCT_NAME = "$(TARGET_NAME)";
				SWIFT_EMIT_LOC_STRINGS = NO;
				SWIFT_VERSION = 5.0;
				TARGETED_DEVICE_FAMILY = "1,2";
				TEST_HOST = "$(BUILT_PRODUCTS_DIR)/DemoSonarCloud.app/$(BUNDLE_EXECUTABLE_FOLDER_PATH)/DemoSonarCloud";
			};
			name = Release;
		};
		F269C1272DB21E5800ED25BA /* Debug */ = {
			isa = XCBuildConfiguration;
			buildSettings = {
				CODE_SIGN_STYLE = Automatic;
				CURRENT_PROJECT_VERSION = 1;
				DEVELOPMENT_TEAM = XY8FSD2973;
				GENERATE_INFOPLIST_FILE = YES;
				MARKETING_VERSION = 1.0;
				PRODUCT_BUNDLE_IDENTIFIER = com.livepayments.DemoSonarCloudUITests;
				PRODUCT_NAME = "$(TARGET_NAME)";
				SWIFT_EMIT_LOC_STRINGS = NO;
				SWIFT_VERSION = 5.0;
				TARGETED_DEVICE_FAMILY = "1,2";
				TEST_TARGET_NAME = DemoSonarCloud;
			};
			name = Debug;
		};
		F269C1282DB21E5800ED25BA /* Release */ = {
			isa = XCBuildConfiguration;
			buildSettings = {
				CODE_SIGN_STYLE = Automatic;
				CURRENT_PROJECT_VERSION = 1;
				DEVELOPMENT_TEAM = XY8FSD2973;
				GENERATE_INFOPLIST_FILE = YES;
				MARKETING_VERSION = 1.0;
				PRODUCT_BUNDLE_IDENTIFIER = com.livepayments.DemoSonarCloudUITests;
				PRODUCT_NAME = "$(TARGET_NAME)";
				SWIFT_EMIT_LOC_STRINGS = NO;
				SWIFT_VERSION = 5.0;
				TARGETED_DEVICE_FAMILY = "1,2";
				TEST_TARGET_NAME = DemoSonarCloud;
			};
			name = Release;
		};
/* End XCBuildConfiguration section */

/* Begin XCConfigurationList section */
		F269C0F72DB21E5700ED25BA /* Build configuration list for PBXProject "DemoSonarCloud" */ = {
			isa = XCConfigurationList;
			buildConfigurations = (
				F269C11E2DB21E5800ED25BA /* Debug */,
				F269C11F2DB21E5800ED25BA /* Release */,
			);
			defaultConfigurationIsVisible = 0;
			defaultConfigurationName = Release;
		};
		F269C1202DB21E5800ED25BA /* Build configuration list for PBXNativeTarget "DemoSonarCloud" */ = {
			isa = XCConfigurationList;
			buildConfigurations = (
				F269C1212DB21E5800ED25BA /* Debug */,
				F269C1222DB21E5800ED25BA /* Release */,
			);
			defaultConfigurationIsVisible = 0;
			defaultConfigurationName = Release;
		};
		F269C1232DB21E5800ED25BA /* Build configuration list for PBXNativeTarget "DemoSonarCloudTests" */ = {
			isa = XCConfigurationList;
			buildConfigurations = (
				F269C1242DB21E5800ED25BA /* Debug */,
				F269C1252DB21E5800ED25BA /* Release */,
			);
			defaultConfigurationIsVisible = 0;
			defaultConfigurationName = Release;
		};
		F269C1262DB21E5800ED25BA /* Build configuration list for PBXNativeTarget "DemoSonarCloudUITests" */ = {
			isa = XCConfigurationList;
			buildConfigurations = (
				F269C1272DB21E5800ED25BA /* Debug */,
				F269C1282DB21E5800ED25BA /* Release */,
			);
			defaultConfigurationIsVisible = 0;
			defaultConfigurationName = Release;
		};
/* End XCConfigurationList section */
	};
	rootObject = F269C0F42DB21E5700ED25BA /* Project object */;
}
